
Microsoft Visual Studio Solution File, Format Version 12.00
# Visual Studio Version 17
VisualStudioVersion = 17.2.32526.322
MinimumVisualStudioVersion = 10.0.40219.1
Project("{9A19103F-16F7-4668-BE54-9A1E7A4F7556}") = "GestionPrestamosPersonales2022", "GestionPrestamosPersonales2022.csproj", "{486571CA-678A-4164-8A00-61E96FE8E269}"
EndProject
Global
	GlobalSection(SolutionConfigurationPlatforms) = preSolution
		Debug|Any CPU = Debug|Any CPU
		Release|Any CPU = Release|Any CPU
	EndGlobalSection
	GlobalSection(ProjectConfigurationPlatforms) = postSolution
		{486571CA-678A-4164-8A00-61E96FE8E269}.Debug|Any CPU.ActiveCfg = Debug|Any CPU
		{486571CA-678A-4164-8A00-61E96FE8E269}.Debug|Any CPU.Build.0 = Debug|Any CPU
		{486571CA-678A-4164-8A00-61E96FE8E269}.Release|Any CPU.ActiveCfg = Release|Any CPU
		{486571CA-678A-4164-8A00-61E96FE8E269}.Release|Any CPU.Build.0 = Release|Any CPU
	EndGlobalSection
	GlobalSection(SolutionProperties) = preSolution
		HideSolutionNode = FALSE
	EndGlobalSection
	GlobalSection(ExtensibilityGlobals) = postSolution
		SolutionGuid = {DC2352C9-6703-4AA3-B749-15F8B94A2155}
	EndGlobalSection
EndGlobal
